
Microsoft Visual Studio Solution File, Format Version 12.00
# Visual Studio 2012
Project("{FAE04EC0-301F-11D3-BF4B-00C04F79EFBC}") = "assignment 4", "assignment 4\assignment 4.csproj", "{2617B66A-7C4F-447E-BE8F-A01A6A1B7960}"
EndProject
Global
	GlobalSection(SolutionConfigurationPlatforms) = preSolution
		Debug|Any CPU = Debug|Any CPU
		Release|Any CPU = Release|Any CPU
	EndGlobalSection
	GlobalSection(ProjectConfigurationPlatforms) = postSolution
		{2617B66A-7C4F-447E-BE8F-A01A6A1B7960}.Debug|Any CPU.ActiveCfg = Debug|Any CPU
		{2617B66A-7C4F-447E-BE8F-A01A6A1B7960}.Debug|Any CPU.Build.0 = Debug|Any CPU
		{2617B66A-7C4F-447E-BE8F-A01A6A1B7960}.Release|Any CPU.ActiveCfg = Release|Any CPU
		{2617B66A-7C4F-447E-BE8F-A01A6A1B7960}.Release|Any CPU.Build.0 = Release|Any CPU
	EndGlobalSection
	GlobalSection(SolutionProperties) = preSolution
		HideSolutionNode = FALSE
	EndGlobalSection
EndGlobal
